{
  "originHash": "fa15493859b58e3ef0dcb43e1d2ea8fbd6df8ea2e3c41de45c35b78a9edc0abf",
  "pins": [
    {
      "identity": "aurora",
      "kind": "remoteSourceControl",
      "location": "https://github.com/tornikegomareli/Aurora.git",
      "state": {
        "revision": "a3f9296a1e7744529b69d8a9f9e360bf3c8c81bf",
        "version": "0.5.2"
      }
    }
  ],
  "version": 3
}
